
Microsoft Visual Studio Solution File, Format Version 12.00
# Visual Studio 14
VisualStudioVersion = 14.0.25420.1
MinimumVisualStudioVersion = 10.0.40219.1
Project("{FAE04EC0-301F-11D3-BF4B-00C04F79EFBC}") = "Algorythms.Solution", "Algorythms.Solution\Algorythms.Solution.csproj", "{9A39EFF4-F0B6-4E9E-BC86-BB9BADDD57B1}"
EndProject
Project("{FAE04EC0-301F-11D3-BF4B-00C04F79EFBC}") = "Algorithms.Test", "Algorithms.Test\Algorithms.Test.csproj", "{3DF0C08B-E909-4E5E-836D-29287C1EC72D}"
EndProject
Global
	GlobalSection(SolutionConfigurationPlatforms) = preSolution
		Debug|Any CPU = Debug|Any CPU
		Release|Any CPU = Release|Any CPU
	EndGlobalSection
	GlobalSection(ProjectConfigurationPlatforms) = postSolution
		{9A39EFF4-F0B6-4E9E-BC86-BB9BADDD57B1}.Debug|Any CPU.ActiveCfg = Debug|Any CPU
		{9A39EFF4-F0B6-4E9E-BC86-BB9BADDD57B1}.Debug|Any CPU.Build.0 = Debug|Any CPU
		{9A39EFF4-F0B6-4E9E-BC86-BB9BADDD57B1}.Release|Any CPU.ActiveCfg = Release|Any CPU
		{9A39EFF4-F0B6-4E9E-BC86-BB9BADDD57B1}.Release|Any CPU.Build.0 = Release|Any CPU
		{3DF0C08B-E909-4E5E-836D-29287C1EC72D}.Debug|Any CPU.ActiveCfg = Debug|Any CPU
		{3DF0C08B-E909-4E5E-836D-29287C1EC72D}.Debug|Any CPU.Build.0 = Debug|Any CPU
		{3DF0C08B-E909-4E5E-836D-29287C1EC72D}.Release|Any CPU.ActiveCfg = Release|Any CPU
		{3DF0C08B-E909-4E5E-836D-29287C1EC72D}.Release|Any CPU.Build.0 = Release|Any CPU
	EndGlobalSection
	GlobalSection(SolutionProperties) = preSolution
		HideSolutionNode = FALSE
	EndGlobalSection
	GlobalSection(ExtensibilityGlobals) = postSolution
		SolutionGuid = {9AED7CEF-42D2-412C-861E-FEF8D73C50BD}
	EndGlobalSection
EndGlobal
